{
  "name": "bits-utils",
  "version": "1.0.12",
  "lockfileVersion": 1,
  "requires": true,
  "dependencies": {
    "request": {
      "version": "2.12.0",
      "resolved": "https://registry.npmjs.org/request/-/request-2.12.0.tgz",
      "integrity": "sha1-EfRvILPQ9ISMY4OZHIB5CvFsjkg=",
      "dev": true,
      "requires": {
        "form-data": "~0.0.3",
        "mime": "~1.2.7"
      },
      "dependencies": {
        "form-data": {
          "version": "0.0.3",
          "bundled": true,
          "dev": true,
          "requires": {
            "async": "~0.1.9",
            "combined-stream": "0.0.3",
            "mime": "~1.2.2"
          },
          "dependencies": {
            "async": {
              "version": "0.1.9",
              "bundled": true,
              "dev": true
            },
            "combined-stream": {
              "version": "0.0.3",
              "bundled": true,
              "dev": true,
              "requires": {
                "delayed-stream": "0.0.5"
              },
              "dependencies": {
                "delayed-stream": {
                  "version": "0.0.5",
                  "bundled": true,
                  "dev": true
                }
              }
            }
          }
        },
        "mime": {
          "version": "1.2.7",
          "bundled": true,
          "dev": true
        }
      }
    },
    "version": {
      "version": "0.1.2",
      "resolved": "https://registry.npmjs.org/version/-/version-0.1.2.tgz",
      "integrity": "sha1-qwcbDjnJo06TCN2M14RXld7spw8=",
      "dev": true,
      "requires": {
        "request": "2.12.0"
      }
    }
  }
}
